{
  "requires": true,
  "lockfileVersion": 1,
  "dependencies": {
    "nan": {
      "version": "2.14.0",
      "resolved": "https://registry.npmjs.org/nan/-/nan-2.14.0.tgz",
      "integrity": "sha512-INOFj37C7k3AfaNTtX8RhsTw7qRy7eLET14cROi9+5HAVbbHuIWUHEauBv5qT4Av2tWasiTY1Jw6puUNqRJXQg=="
    },
    "openzwave-shared": {
      "version": "1.5.9",
      "resolved": "https://registry.npmjs.org/openzwave-shared/-/openzwave-shared-1.5.9.tgz",
      "integrity": "sha512-8Q9YAt+dqj3x8by+hNXxjnSXXDEtbY2jjUy5dGTQASid/g7nbwTdwsVItBhoz4MgNI/p/vMzwIRrT3w67EDyZQ==",
      "requires": {
        "nan": ">=2.14.0"
      }
    },
    "undefined": {
      "version": "0.1.0",
      "resolved": "https://registry.npmjs.org/undefined/-/undefined-0.1.0.tgz",
      "integrity": "sha1-m3BqSzKtMMIMpP5l3cu72sMr3tA="
    }
  }
}
